// !$*UTF8*$!
{
	archiveVersion = 1;
	classes = {
	};
	objectVersion = 50;
	objects = {

/* Begin PBXBuildFile section */
		D875E0642297E8D50065E3EF /* AppDelegate.swift in Sources */ = {isa = PBXBuildFile; fileRef = D875E0632297E8D50065E3EF /* AppDelegate.swift */; };
		D875E0662297E8D50065E3EF /* ViewController.swift in Sources */ = {isa = PBXBuildFile; fileRef = D875E0652297E8D50065E3EF /* ViewController.swift */; };
		D875E0692297E8D50065E3EF /* Main.storyboard in Resources */ = {isa = PBXBuildFile; fileRef = D875E0672297E8D50065E3EF /* Main.storyboard */; };
		D875E06B2297E8D70065E3EF /* Assets.xcassets in Resources */ = {isa = PBXBuildFile; fileRef = D875E06A2297E8D70065E3EF /* Assets.xcassets */; };
		D875E06E2297E8D70065E3EF /* LaunchScreen.storyboard in Resources */ = {isa = PBXBuildFile; fileRef = D875E06C2297E8D70065E3EF /* LaunchScreen.storyboard */; };
		D875E0792297E8D70065E3EF /* PhotoLibraryTests.swift in Sources */ = {isa = PBXBuildFile; fileRef = D875E0782297E8D70065E3EF /* PhotoLibraryTests.swift */; };
		D875E0842297E8D70065E3EF /* PhotoLibraryUITests.swift in Sources */ = {isa = PBXBuildFile; fileRef = D875E0832297E8D70065E3EF /* PhotoLibraryUITests.swift */; };
		D875E0922297EA8F0065E3EF /* TableViewController.swift in Sources */ = {isa = PBXBuildFile; fileRef = D875E0912297EA8F0065E3EF /* TableViewController.swift */; };
		D875E0952297F0160065E3EF /* PhotoLibraryManager.swift in Sources */ = {isa = PBXBuildFile; fileRef = D875E0942297F0160065E3EF /* PhotoLibraryManager.swift */; };
/* End PBXBuildFile section */

/* Begin PBXContainerItemProxy section */
		D875E0752297E8D70065E3EF /* PBXContainerItemProxy */ = {
			isa = PBXContainerItemProxy;
			containerPortal = D875E0582297E8D40065E3EF /* Project object */;
			proxyType = 1;
			remoteGlobalIDString = D875E05F2297E8D40065E3EF;
			remoteInfo = PhotoLibrary;
		};
		D875E0802297E8D70065E3EF /* PBXContainerItemProxy */ = {
			isa = PBXContainerItemProxy;
			containerPortal = D875E0582297E8D40065E3EF /* Project object */;
			proxyType = 1;
			remoteGlobalIDString = D875E05F2297E8D40065E3EF;
			remoteInfo = PhotoLibrary;
		};
/* End PBXContainerItemProxy section */

/* Begin PBXFileReference section */
		D875E0602297E8D50065E3EF /* PhotoLibrary.app */ = {isa = PBXFileReference; explicitFileType = wrapper.application; includeInIndex = 0; path = PhotoLibrary.app; sourceTree = BUILT_PRODUCTS_DIR; };
		D875E0632297E8D50065E3EF /* AppDelegate.swift */ = {isa = PBXFileReference; lastKnownFileType = sourcecode.swift; path = AppDelegate.swift; sourceTree = "<group>"; };
		D875E0652297E8D50065E3EF /* ViewController.swift */ = {isa = PBXFileReference; lastKnownFileType = sourcecode.swift; path = ViewController.swift; sourceTree = "<group>"; };
		D875E0682297E8D50065E3EF /* Base */ = {isa = PBXFileReference; lastKnownFileType = file.storyboard; name = Base; path = Base.lproj/Main.storyboard; sourceTree = "<group>"; };
		D875E06A2297E8D70065E3EF /* Assets.xcassets */ = {isa = PBXFileReference; lastKnownFileType = folder.assetcatalog; path = Assets.xcassets; sourceTree = "<group>"; };
		D875E06D2297E8D70065E3EF /* Base */ = {isa = PBXFileReference; lastKnownFileType = file.storyboard; name = Base; path = Base.lproj/LaunchScreen.storyboard; sourceTree = "<group>"; };
		D875E06F2297E8D70065E3EF /* Info.plist */ = {isa = PBXFileReference; lastKnownFileType = text.plist.xml; path = Info.plist; sourceTree = "<group>"; };
		D875E0742297E8D70065E3EF /* PhotoLibraryTests.xctest */ = {isa = PBXFileReference; explicitFileType = wrapper.cfbundle; includeInIndex = 0; path = PhotoLibraryTests.xctest; sourceTree = BUILT_PRODUCTS_DIR; };
		D875E0782297E8D70065E3EF /* PhotoLibraryTests.swift */ = {isa = PBXFileReference; lastKnownFileType = sourcecode.swift; path = PhotoLibraryTests.swift; sourceTree = "<group>"; };
		D875E07A2297E8D70065E3EF /* Info.plist */ = {isa = PBXFileReference; lastKnownFileType = text.plist.xml; path = Info.plist; sourceTree = "<group>"; };
		D875E07F2297E8D70065E3EF /* PhotoLibraryUITests.xctest */ = {isa = PBXFileReference; explicitFileType = wrapper.cfbundle; includeInIndex = 0; path = PhotoLibraryUITests.xctest; sourceTree = BUILT_PRODUCTS_DIR; };
		D875E0832297E8D70065E3EF /* PhotoLibraryUITests.swift */ = {isa = PBXFileReference; lastKnownFileType = sourcecode.swift; path = PhotoLibraryUITests.swift; sourceTree = "<group>"; };
		D875E0852297E8D70065E3EF /* Info.plist */ = {isa = PBXFileReference; lastKnownFileType = text.plist.xml; path = Info.plist; sourceTree = "<group>"; };
		D875E0912297EA8F0065E3EF /* TableViewController.swift */ = {isa = PBXFileReference; lastKnownFileType = sourcecode.swift; path = TableViewController.swift; sourceTree = "<group>"; };
		D875E0942297F0160065E3EF /* PhotoLibraryManager.swift */ = {isa = PBXFileReference; lastKnownFileType = sourcecode.swift; path = PhotoLibraryManager.swift; sourceTree = "<group>"; };
/* End PBXFileReference section */

/* Begin PBXFrameworksBuildPhase section */
		D875E05D2297E8D40065E3EF /* Frameworks */ = {
			isa = PBXFrameworksBuildPhase;
			buildActionMask = 2147483647;
			files = (
			);
			runOnlyForDeploymentPostprocessing = 0;
		};
		D875E0712297E8D70065E3EF /* Frameworks */ = {
			isa = PBXFrameworksBuildPhase;
			buildActionMask = 2147483647;
			files = (
			);
			runOnlyForDeploymentPostprocessing = 0;
		};
		D875E07C2297E8D70065E3EF /* Frameworks */ = {
			isa = PBXFrameworksBuildPhase;
			buildActionMask = 2147483647;
			files = (
			);
			runOnlyForDeploymentPostprocessing = 0;
		};
/* End PBXFrameworksBuildPhase section */

/* Begin PBXGroup section */
		D875E0572297E8D40065E3EF = {
			isa = PBXGroup;
			children = (
				D875E0622297E8D50065E3EF /* PhotoLibrary */,
				D875E0772297E8D70065E3EF /* PhotoLibraryTests */,
				D875E0822297E8D70065E3EF /* PhotoLibraryUITests */,
				D875E0612297E8D50065E3EF /* Products */,
			);
			sourceTree = "<group>";
		};
		D875E0612297E8D50065E3EF /* Products */ = {
			isa = PBXGroup;
			children = (
				D875E0602297E8D50065E3EF /* PhotoLibrary.app */,
				D875E0742297E8D70065E3EF /* PhotoLibraryTests.xctest */,
				D875E07F2297E8D70065E3EF /* PhotoLibraryUITests.xctest */,
			);
			name = Products;
			sourceTree = "<group>";
		};
		D875E0622297E8D50065E3EF /* PhotoLibrary */ = {
			isa = PBXGroup;
			children = (
				D875E0932297EDE30065E3EF /* PhotoLibraryContent */,
				D875E0632297E8D50065E3EF /* AppDelegate.swift */,
				D875E0652297E8D50065E3EF /* ViewController.swift */,
				D875E0912297EA8F0065E3EF /* TableViewController.swift */,
				D875E0672297E8D50065E3EF /* Main.storyboard */,
				D875E06A2297E8D70065E3EF /* Assets.xcassets */,
				D875E06C2297E8D70065E3EF /* LaunchScreen.storyboard */,
				D875E06F2297E8D70065E3EF /* Info.plist */,
			);
			path = PhotoLibrary;
			sourceTree = "<group>";
		};
		D875E0772297E8D70065E3EF /* PhotoLibraryTests */ = {
			isa = PBXGroup;
			children = (
				D875E0782297E8D70065E3EF /* PhotoLibraryTests.swift */,
				D875E07A2297E8D70065E3EF /* Info.plist */,
			);
			path = PhotoLibraryTests;
			sourceTree = "<group>";
		};
		D875E0822297E8D70065E3EF /* PhotoLibraryUITests */ = {
			isa = PBXGroup;
			children = (
				D875E0832297E8D70065E3EF /* PhotoLibraryUITests.swift */,
				D875E0852297E8D70065E3EF /* Info.plist */,
			);
			path = PhotoLibraryUITests;
			sourceTree = "<group>";
		};
		D875E0932297EDE30065E3EF /* PhotoLibraryContent */ = {
			isa = PBXGroup;
			children = (
				D875E0942297F0160065E3EF /* PhotoLibraryManager.swift */,
			);
			path = PhotoLibraryContent;
			sourceTree = "<group>";
		};
/* End PBXGroup section */

/* Begin PBXNativeTarget section */
		D875E05F2297E8D40065E3EF /* PhotoLibrary */ = {
			isa = PBXNativeTarget;
			buildConfigurationList = D875E0882297E8D70065E3EF /* Build configuration list for PBXNativeTarget "PhotoLibrary" */;
			buildPhases = (
				D875E05C2297E8D40065E3EF /* Sources */,
				D875E05D2297E8D40065E3EF /* Frameworks */,
				D875E05E2297E8D40065E3EF /* Resources */,
			);
			buildRules = (
			);
			dependencies = (
			);
			name = PhotoLibrary;
			productName = PhotoLibrary;
			productReference = D875E0602297E8D50065E3EF /* PhotoLibrary.app */;
			productType = "com.apple.product-type.application";
		};
		D875E0732297E8D70065E3EF /* PhotoLibraryTests */ = {
			isa = PBXNativeTarget;
			buildConfigurationList = D875E08B2297E8D70065E3EF /* Build configuration list for PBXNativeTarget "PhotoLibraryTests" */;
			buildPhases = (
				D875E0702297E8D70065E3EF /* Sources */,
				D875E0712297E8D70065E3EF /* Frameworks */,
				D875E0722297E8D70065E3EF /* Resources */,
			);
			buildRules = (
			);
			dependencies = (
				D875E0762297E8D70065E3EF /* PBXTargetDependency */,
			);
			name = PhotoLibraryTests;
			productName = PhotoLibraryTests;
			productReference = D875E0742297E8D70065E3EF /* PhotoLibraryTests.xctest */;
			productType = "com.apple.product-type.bundle.unit-test";
		};
		D875E07E2297E8D70065E3EF /* PhotoLibraryUITests */ = {
			isa = PBXNativeTarget;
			buildConfigurationList = D875E08E2297E8D70065E3EF /* Build configuration list for PBXNativeTarget "PhotoLibraryUITests" */;
			buildPhases = (
				D875E07B2297E8D70065E3EF /* Sources */,
				D875E07C2297E8D70065E3EF /* Frameworks */,
				D875E07D2297E8D70065E3EF /* Resources */,
			);
			buildRules = (
			);
			dependencies = (
				D875E0812297E8D70065E3EF /* PBXTargetDependency */,
			);
			name = PhotoLibraryUITests;
			productName = PhotoLibraryUITests;
			productReference = D875E07F2297E8D70065E3EF /* PhotoLibraryUITests.xctest */;
			productType = "com.apple.product-type.bundle.ui-testing";
		};
/* End PBXNativeTarget section */

/* Begin PBXProject section */
		D875E0582297E8D40065E3EF /* Project object */ = {
			isa = PBXProject;
			attributes = {
				LastSwiftUpdateCheck = 1010;
				LastUpgradeCheck = 1010;
				ORGANIZATIONNAME = tony;
				TargetAttributes = {
					D875E05F2297E8D40065E3EF = {
						CreatedOnToolsVersion = 10.1;
					};
					D875E0732297E8D70065E3EF = {
						CreatedOnToolsVersion = 10.1;
						TestTargetID = D875E05F2297E8D40065E3EF;
					};
					D875E07E2297E8D70065E3EF = {
						CreatedOnToolsVersion = 10.1;
						TestTargetID = D875E05F2297E8D40065E3EF;
					};
				};
			};
			buildConfigurationList = D875E05B2297E8D40065E3EF /* Build configuration list for PBXProject "PhotoLibrary" */;
			compatibilityVersion = "Xcode 9.3";
			developmentRegion = en;
			hasScannedForEncodings = 0;
			knownRegions = (
				en,
				Base,
			);
			mainGroup = D875E0572297E8D40065E3EF;
			productRefGroup = D875E0612297E8D50065E3EF /* Products */;
			projectDirPath = "";
			projectRoot = "";
			targets = (
				D875E05F2297E8D40065E3EF /* PhotoLibrary */,
				D875E0732297E8D70065E3EF /* PhotoLibraryTests */,
				D875E07E2297E8D70065E3EF /* PhotoLibraryUITests */,
			);
		};
/* End PBXProject section */

/* Begin PBXResourcesBuildPhase section */
		D875E05E2297E8D40065E3EF /* Resources */ = {
			isa = PBXResourcesBuildPhase;
			buildActionMask = 2147483647;
			files = (
				D875E06E2297E8D70065E3EF /* LaunchScreen.storyboard in Resources */,
				D875E06B2297E8D70065E3EF /* Assets.xcassets in Resources */,
				D875E0692297E8D50065E3EF /* Main.storyboard in Resources */,
			);
			runOnlyForDeploymentPostprocessing = 0;
		};
		D875E0722297E8D70065E3EF /* Resources */ = {
			isa = PBXResourcesBuildPhase;
			buildActionMask = 2147483647;
			files = (
			);
			runOnlyForDeploymentPostprocessing = 0;
		};
		D875E07D2297E8D70065E3EF /* Resources */ = {
			isa = PBXResourcesBuildPhase;
			buildActionMask = 2147483647;
			files = (
			);
			runOnlyForDeploymentPostprocessing = 0;
		};
/* End PBXResourcesBuildPhase section */

/* Begin PBXSourcesBuildPhase section */
		D875E05C2297E8D40065E3EF /* Sources */ = {
			isa = PBXSourcesBuildPhase;
			buildActionMask = 2147483647;
			files = (
				D875E0662297E8D50065E3EF /* ViewController.swift in Sources */,
				D875E0922297EA8F0065E3EF /* TableViewController.swift in Sources */,
				D875E0952297F0160065E3EF /* PhotoLibraryManager.swift in Sources */,
				D875E0642297E8D50065E3EF /* AppDelegate.swift in Sources */,
			);
			runOnlyForDeploymentPostprocessing = 0;
		};
		D875E0702297E8D70065E3EF /* Sources */ = {
			isa = PBXSourcesBuildPhase;
			buildActionMask = 2147483647;
			files = (
				D875E0792297E8D70065E3EF /* PhotoLibraryTests.swift in Sources */,
			);
			runOnlyForDeploymentPostprocessing = 0;
		};
		D875E07B2297E8D70065E3EF /* Sources */ = {
			isa = PBXSourcesBuildPhase;
			buildActionMask = 2147483647;
			files = (
				D875E0842297E8D70065E3EF /* PhotoLibraryUITests.swift in Sources */,
			);
			runOnlyForDeploymentPostprocessing = 0;
		};
/* End PBXSourcesBuildPhase section */

/* Begin PBXTargetDependency section */
		D875E0762297E8D70065E3EF /* PBXTargetDependency */ = {
			isa = PBXTargetDependency;
			target = D875E05F2297E8D40065E3EF /* PhotoLibrary */;
			targetProxy = D875E0752297E8D70065E3EF /* PBXContainerItemProxy */;
		};
		D875E0812297E8D70065E3EF /* PBXTargetDependency */ = {
			isa = PBXTargetDependency;
			target = D875E05F2297E8D40065E3EF /* PhotoLibrary */;
			targetProxy = D875E0802297E8D70065E3EF /* PBXContainerItemProxy */;
		};
/* End PBXTargetDependency section */

/* Begin PBXVariantGroup section */
		D875E0672297E8D50065E3EF /* Main.storyboard */ = {
			isa = PBXVariantGroup;
			children = (
				D875E0682297E8D50065E3EF /* Base */,
			);
			name = Main.storyboard;
			sourceTree = "<group>";
		};
		D875E06C2297E8D70065E3EF /* LaunchScreen.storyboard */ = {
			isa = PBXVariantGroup;
			children = (
				D875E06D2297E8D70065E3EF /* Base */,
			);
			name = LaunchScreen.storyboard;
			sourceTree = "<group>";
		};
/* End PBXVariantGroup section */

/* Begin XCBuildConfiguration section */
		D875E0862297E8D70065E3EF /* Debug */ = {
			isa = XCBuildConfiguration;
			buildSettings = {
				ALWAYS_SEARCH_USER_PATHS = NO;
				CLANG_ANALYZER_NONNULL = YES;
				CLANG_ANALYZER_NUMBER_OBJECT_CONVERSION = YES_AGGRESSIVE;
				CLANG_CXX_LANGUAGE_STANDARD = "gnu++14";
				CLANG_CXX_LIBRARY = "libc++";
				CLANG_ENABLE_MODULES = YES;
				CLANG_ENABLE_OBJC_ARC = YES;
				CLANG_ENABLE_OBJC_WEAK = YES;
				CLANG_WARN_BLOCK_CAPTURE_AUTORELEASING = YES;
				CLANG_WARN_BOOL_CONVERSION = YES;
				CLANG_WARN_COMMA = YES;
				CLANG_WARN_CONSTANT_CONVERSION = YES;
				CLANG_WARN_DEPRECATED_OBJC_IMPLEMENTATIONS = YES;
				CLANG_WARN_DIRECT_OBJC_ISA_USAGE = YES_ERROR;
				CLANG_WARN_DOCUMENTATION_COMMENTS = YES;
				CLANG_WARN_EMPTY_BODY = YES;
				CLANG_WARN_ENUM_CONVERSION = YES;
				CLANG_WARN_INFINITE_RECURSION = YES;
				CLANG_WARN_INT_CONVERSION = YES;
				CLANG_WARN_NON_LITERAL_NULL_CONVERSION = YES;
				CLANG_WARN_OBJC_IMPLICIT_RETAIN_SELF = YES;
				CLANG_WARN_OBJC_LITERAL_CONVERSION = YES;
				CLANG_WARN_OBJC_ROOT_CLASS = YES_ERROR;
				CLANG_WARN_RANGE_LOOP_ANALYSIS = YES;
				CLANG_WARN_STRICT_PROTOTYPES = YES;
				CLANG_WARN_SUSPICIOUS_MOVE = YES;
				CLANG_WARN_UNGUARDED_AVAILABILITY = YES_AGGRESSIVE;
				CLANG_WARN_UNREACHABLE_CODE = YES;
				CLANG_WARN__DUPLICATE_METHOD_MATCH = YES;
				CODE_SIGN_IDENTITY = "iPhone Developer";
				COPY_PHASE_STRIP = NO;
				DEBUG_INFORMATION_FORMAT = dwarf;
				ENABLE_STRICT_OBJC_MSGSEND = YES;
				ENABLE_TESTABILITY = YES;
				GCC_C_LANGUAGE_STANDARD = gnu11;
				GCC_DYNAMIC_NO_PIC = NO;
				GCC_NO_COMMON_BLOCKS = YES;
				GCC_OPTIMIZATION_LEVEL = 0;
				GCC_PREPROCESSOR_DEFINITIONS = (
					"DEBUG=1",
					"$(inherited)",
				);
				GCC_WARN_64_TO_32_BIT_CONVERSION = YES;
				GCC_WARN_ABOUT_RETURN_TYPE = YES_ERROR;
				GCC_WARN_UNDECLARED_SELECTOR = YES;
				GCC_WARN_UNINITIALIZED_AUTOS = YES_AGGRESSIVE;
				GCC_WARN_UNUSED_FUNCTION = YES;
				GCC_WARN_UNUSED_VARIABLE = YES;
				IPHONEOS_DEPLOYMENT_TARGET = 9.0;
				MTL_ENABLE_DEBUG_INFO = INCLUDE_SOURCE;
				MTL_FAST_MATH = YES;
				ONLY_ACTIVE_ARCH = YES;
				SDKROOT = iphoneos;
				SWIFT_ACTIVE_COMPILATION_CONDITIONS = DEBUG;
				SWIFT_OPTIMIZATION_LEVEL = "-Onone";
			};
			name = Debug;
		};
		D875E0872297E8D70065E3EF /* Release */ = {
			isa = XCBuildConfiguration;
			buildSettings = {
				ALWAYS_SEARCH_USER_PATHS = NO;
				CLANG_ANALYZER_NONNULL = YES;
				CLANG_ANALYZER_NUMBER_OBJECT_CONVERSION = YES_AGGRESSIVE;
				CLANG_CXX_LANGUAGE_STANDARD = "gnu++14";
				CLANG_CXX_LIBRARY = "libc++";
				CLANG_ENABLE_MODULES = YES;
				CLANG_ENABLE_OBJC_ARC = YES;
				CLANG_ENABLE_OBJC_WEAK = YES;
				CLANG_WARN_BLOCK_CAPTURE_AUTORELEASING = YES;
				CLANG_WARN_BOOL_CONVERSION = YES;
				CLANG_WARN_COMMA = YES;
				CLANG_WARN_CONSTANT_CONVERSION = YES;
				CLANG_WARN_DEPRECATED_OBJC_IMPLEMENTATIONS = YES;
				CLANG_WARN_DIRECT_OBJC_ISA_USAGE = YES_ERROR;
				CLANG_WARN_DOCUMENTATION_COMMENTS = YES;
				CLANG_WARN_EMPTY_BODY = YES;
				CLANG_WARN_ENUM_CONVERSION = YES;
				CLANG_WARN_INFINITE_RECURSION = YES;
				CLANG_WARN_INT_CONVERSION = YES;
				CLANG_WARN_NON_LITERAL_NULL_CONVERSION = YES;
				CLANG_WARN_OBJC_IMPLICIT_RETAIN_SELF = YES;
				CLANG_WARN_OBJC_LITERAL_CONVERSION = YES;
				CLANG_WARN_OBJC_ROOT_CLASS = YES_ERROR;
				CLANG_WARN_RANGE_LOOP_ANALYSIS = YES;
				CLANG_WARN_STRICT_PROTOTYPES = YES;
				CLANG_WARN_SUSPICIOUS_MOVE = YES;
				CLANG_WARN_UNGUARDED_AVAILABILITY = YES_AGGRESSIVE;
				CLANG_WARN_UNREACHABLE_CODE = YES;
				CLANG_WARN__DUPLICATE_METHOD_MATCH = YES;
				CODE_SIGN_IDENTITY = "iPhone Developer";
				COPY_PHASE_STRIP = NO;
				DEBUG_INFORMATION_FORMAT = "dwarf-with-dsym";
				ENABLE_NS_ASSERTIONS = NO;
				ENABLE_STRICT_OBJC_MSGSEND = YES;
				GCC_C_LANGUAGE_STANDARD = gnu11;
				GCC_NO_COMMON_BLOCKS = YES;
				GCC_WARN_64_TO_32_BIT_CONVERSION = YES;
				GCC_WARN_ABOUT_RETURN_TYPE = YES_ERROR;
				GCC_WARN_UNDECLARED_SELECTOR = YES;
				GCC_WARN_UNINITIALIZED_AUTOS = YES_AGGRESSIVE;
				GCC_WARN_UNUSED_FUNCTION = YES;
				GCC_WARN_UNUSED_VARIABLE = YES;
				IPHONEOS_DEPLOYMENT_TARGET = 9.0;
				MTL_ENABLE_DEBUG_INFO = NO;
				MTL_FAST_MATH = YES;
				SDKROOT = iphoneos;
				SWIFT_COMPILATION_MODE = wholemodule;
				SWIFT_OPTIMIZATION_LEVEL = "-O";
				VALIDATE_PRODUCT = YES;
			};
			name = Release;
		};
		D875E0892297E8D70065E3EF /* Debug */ = {
			isa = XCBuildConfiguration;
			buildSettings = {
				ASSETCATALOG_COMPILER_APPICON_NAME = AppIcon;
				CODE_SIGN_STYLE = Automatic;
				INFOPLIST_FILE = PhotoLibrary/Info.plist;
				IPHONEOS_DEPLOYMENT_TARGET = 9.0;
				LD_RUNPATH_SEARCH_PATHS = (
					"$(inherited)",
					"@executable_path/Frameworks",
				);
				PRODUCT_BUNDLE_IDENTIFIER = com.photoLibrary.com;
				PRODUCT_NAME = "$(TARGET_NAME)";
				SWIFT_VERSION = 4.2;
				TARGETED_DEVICE_FAMILY = "1,2";
			};
			name = Debug;
		};
		D875E08A2297E8D70065E3EF /* Release */ = {
			isa = XCBuildConfiguration;
			buildSettings = {
				ASSETCATALOG_COMPILER_APPICON_NAME = AppIcon;
				CODE_SIGN_STYLE = Automatic;
				INFOPLIST_FILE = PhotoLibrary/Info.plist;
				IPHONEOS_DEPLOYMENT_TARGET = 9.0;
				LD_RUNPATH_SEARCH_PATHS = (
					"$(inherited)",
					"@executable_path/Frameworks",
				);
				PRODUCT_BUNDLE_IDENTIFIER = com.photoLibrary.com;
				PRODUCT_NAME = "$(TARGET_NAME)";
				SWIFT_VERSION = 4.2;
				TARGETED_DEVICE_FAMILY = "1,2";
			};
			name = Release;
		};
		D875E08C2297E8D70065E3EF /* Debug */ = {
			isa = XCBuildConfiguration;
			buildSettings = {
				ALWAYS_EMBED_SWIFT_STANDARD_LIBRARIES = YES;
				BUNDLE_LOADER = "$(TEST_HOST)";
				CODE_SIGN_STYLE = Automatic;
				INFOPLIST_FILE = PhotoLibraryTests/Info.plist;
				LD_RUNPATH_SEARCH_PATHS = (
					"$(inherited)",
					"@executable_path/Frameworks",
					"@loader_path/Frameworks",
				);
				PRODUCT_BUNDLE_IDENTIFIER = com.photoLibrary.com.PhotoLibraryTests;
				PRODUCT_NAME = "$(TARGET_NAME)";
				SWIFT_VERSION = 4.2;
				TARGETED_DEVICE_FAMILY = "1,2";
				TEST_HOST = "$(BUILT_PRODUCTS_DIR)/PhotoLibrary.app/PhotoLibrary";
			};
			name = Debug;
		};
		D875E08D2297E8D70065E3EF /* Release */ = {
			isa = XCBuildConfiguration;
			buildSettings = {
				ALWAYS_EMBED_SWIFT_STANDARD_LIBRARIES = YES;
				BUNDLE_LOADER = "$(TEST_HOST)";
				CODE_SIGN_STYLE = Automatic;
				INFOPLIST_FILE = PhotoLibraryTests/Info.plist;
				LD_RUNPATH_SEARCH_PATHS = (
					"$(inherited)",
					"@executable_path/Frameworks",
					"@loader_path/Frameworks",
				);
				PRODUCT_BUNDLE_IDENTIFIER = com.photoLibrary.com.PhotoLibraryTests;
				PRODUCT_NAME = "$(TARGET_NAME)";
				SWIFT_VERSION = 4.2;
				TARGETED_DEVICE_FAMILY = "1,2";
				TEST_HOST = "$(BUILT_PRODUCTS_DIR)/PhotoLibrary.app/PhotoLibrary";
			};
			name = Release;
		};
		D875E08F2297E8D70065E3EF /* Debug */ = {
			isa = XCBuildConfiguration;
			buildSettings = {
				ALWAYS_EMBED_SWIFT_STANDARD_LIBRARIES = YES;
				CODE_SIGN_STYLE = Automatic;
				INFOPLIST_FILE = PhotoLibraryUITests/Info.plist;
				LD_RUNPATH_SEARCH_PATHS = (
					"$(inherited)",
					"@executable_path/Frameworks",
					"@loader_path/Frameworks",
				);
				PRODUCT_BUNDLE_IDENTIFIER = com.photoLibrary.com.PhotoLibraryUITests;
				PRODUCT_NAME = "$(TARGET_NAME)";
				SWIFT_VERSION = 4.2;
				TARGETED_DEVICE_FAMILY = "1,2";
				TEST_TARGET_NAME = PhotoLibrary;
			};
			name = Debug;
		};
		D875E0902297E8D70065E3EF /* Release */ = {
			isa = XCBuildConfiguration;
			buildSettings = {
				ALWAYS_EMBED_SWIFT_STANDARD_LIBRARIES = YES;
				CODE_SIGN_STYLE = Automatic;
				INFOPLIST_FILE = PhotoLibraryUITests/Info.plist;
				LD_RUNPATH_SEARCH_PATHS = (
					"$(inherited)",
					"@executable_path/Frameworks",
					"@loader_path/Frameworks",
				);
				PRODUCT_BUNDLE_IDENTIFIER = com.photoLibrary.com.PhotoLibraryUITests;
				PRODUCT_NAME = "$(TARGET_NAME)";
				SWIFT_VERSION = 4.2;
				TARGETED_DEVICE_FAMILY = "1,2";
				TEST_TARGET_NAME = PhotoLibrary;
			};
			name = Release;
		};
/* End XCBuildConfiguration section */

/* Begin XCConfigurationList section */
		D875E05B2297E8D40065E3EF /* Build configuration list for PBXProject "PhotoLibrary" */ = {
			isa = XCConfigurationList;
			buildConfigurations = (
				D875E0862297E8D70065E3EF /* Debug */,
				D875E0872297E8D70065E3EF /* Release */,
			);
			defaultConfigurationIsVisible = 0;
			defaultConfigurationName = Release;
		};
		D875E0882297E8D70065E3EF /* Build configuration list for PBXNativeTarget "PhotoLibrary" */ = {
			isa = XCConfigurationList;
			buildConfigurations = (
				D875E0892297E8D70065E3EF /* Debug */,
				D875E08A2297E8D70065E3EF /* Release */,
			);
			defaultConfigurationIsVisible = 0;
			defaultConfigurationName = Release;
		};
		D875E08B2297E8D70065E3EF /* Build configuration list for PBXNativeTarget "PhotoLibraryTests" */ = {
			isa = XCConfigurationList;
			buildConfigurations = (
				D875E08C2297E8D70065E3EF /* Debug */,
				D875E08D2297E8D70065E3EF /* Release */,
			);
			defaultConfigurationIsVisible = 0;
			defaultConfigurationName = Release;
		};
		D875E08E2297E8D70065E3EF /* Build configuration list for PBXNativeTarget "PhotoLibraryUITests" */ = {
			isa = XCConfigurationList;
			buildConfigurations = (
				D875E08F2297E8D70065E3EF /* Debug */,
				D875E0902297E8D70065E3EF /* Release */,
			);
			defaultConfigurationIsVisible = 0;
			defaultConfigurationName = Release;
		};
/* End XCConfigurationList section */
	};
	rootObject = D875E0582297E8D40065E3EF /* Project object */;
}
